
Microsoft Visual Studio Solution File, Format Version 12.00
# Visual Studio Version 16
VisualStudioVersion = 16.0.29613.14
MinimumVisualStudioVersion = 10.0.40219.1
Project("{FAE04EC0-301F-11D3-BF4B-00C04F79EFBC}") = "SerialPortSend", "SerialPortSend.csproj", "{B496A38A-D8BC-4627-935B-C3304BFDBFA5}"
EndProject
Global
	GlobalSection(SolutionConfigurationPlatforms) = preSolution
		Debug|Any CPU = Debug|Any CPU
		Release|Any CPU = Release|Any CPU
	EndGlobalSection
	GlobalSection(ProjectConfigurationPlatforms) = postSolution
		{B496A38A-D8BC-4627-935B-C3304BFDBFA5}.Debug|Any CPU.ActiveCfg = Debug|Any CPU
		{B496A38A-D8BC-4627-935B-C3304BFDBFA5}.Debug|Any CPU.Build.0 = Debug|Any CPU
		{B496A38A-D8BC-4627-935B-C3304BFDBFA5}.Release|Any CPU.ActiveCfg = Release|Any CPU
		{B496A38A-D8BC-4627-935B-C3304BFDBFA5}.Release|Any CPU.Build.0 = Release|Any CPU
	EndGlobalSection
	GlobalSection(SolutionProperties) = preSolution
		HideSolutionNode = FALSE
	EndGlobalSection
	GlobalSection(ExtensibilityGlobals) = postSolution
		SolutionGuid = {0773F61F-4460-477D-8B50-83FDA4783AE5}
	EndGlobalSection
EndGlobal
